# THIS IS AN AUTOGENERATED FILE. DO NOT EDIT THIS FILE DIRECTLY.
# yarn lockfile v1


fluidbox@^2.0.5:
  version "2.0.5"
  resolved "https://registry.yarnpkg.com/fluidbox/-/fluidbox-2.0.5.tgz#753d2595c382b4c947adf7e1baca1bbfd2e22f94"
  integrity sha1-dT0llcOCtMlHrffhusobv9LiL5Q=
  dependencies:
    jquery ">=1.9"

jquery@>=1.9:
  version "3.5.1"
  resolved "https://registry.yarnpkg.com/jquery/-/jquery-3.5.1.tgz#d7b4d08e1bfdb86ad2f1a3d039ea17304717abb5"
  integrity sha512-XwIBPqcMn57FxfT+Go5pzySnm4KWkT1Tv7gjrpT1srtf8Weynl6R273VJ5GjkRb51IzMp5nbaPjJXMWeju2MKg==
